
Microsoft Visual Studio Solution File, Format Version 12.00
# Visual Studio Version 17
VisualStudioVersion = 17.13.35931.197
MinimumVisualStudioVersion = 10.0.40219.1
Project("{FAE04EC0-301F-11D3-BF4B-00C04F79EFBC}") = "DVLD Buisness Layer", "..\DVLD Buisness Layer\DVLD Buisness Layer.csproj", "{EC11E88C-802B-4259-A7FC-A4053CAE7031}"
EndProject
Project("{FAE04EC0-301F-11D3-BF4B-00C04F79EFBC}") = "DVLD DataAccess Layer", "..\DVLD DataAccess Layer\DVLD DataAccess Layer.csproj", "{ED26B6A5-D2CF-4D0E-AE52-EEA242E22F1E}"
EndProject
Project("{FAE04EC0-301F-11D3-BF4B-00C04F79EFBC}") = "DVLD", "DVLD.csproj", "{0C108A7A-92B5-4A52-9E52-9939D576E289}"
EndProject
Global
	GlobalSection(SolutionConfigurationPlatforms) = preSolution
		Debug|Any CPU = Debug|Any CPU
		Release|Any CPU = Release|Any CPU
	EndGlobalSection
	GlobalSection(ProjectConfigurationPlatforms) = postSolution
		{EC11E88C-802B-4259-A7FC-A4053CAE7031}.Debug|Any CPU.ActiveCfg = Debug|Any CPU
		{EC11E88C-802B-4259-A7FC-A4053CAE7031}.Debug|Any CPU.Build.0 = Debug|Any CPU
		{EC11E88C-802B-4259-A7FC-A4053CAE7031}.Release|Any CPU.ActiveCfg = Release|Any CPU
		{EC11E88C-802B-4259-A7FC-A4053CAE7031}.Release|Any CPU.Build.0 = Release|Any CPU
		{ED26B6A5-D2CF-4D0E-AE52-EEA242E22F1E}.Debug|Any CPU.ActiveCfg = Debug|Any CPU
		{ED26B6A5-D2CF-4D0E-AE52-EEA242E22F1E}.Debug|Any CPU.Build.0 = Debug|Any CPU
		{ED26B6A5-D2CF-4D0E-AE52-EEA242E22F1E}.Release|Any CPU.ActiveCfg = Release|Any CPU
		{ED26B6A5-D2CF-4D0E-AE52-EEA242E22F1E}.Release|Any CPU.Build.0 = Release|Any CPU
		{0C108A7A-92B5-4A52-9E52-9939D576E289}.Debug|Any CPU.ActiveCfg = Debug|Any CPU
		{0C108A7A-92B5-4A52-9E52-9939D576E289}.Debug|Any CPU.Build.0 = Debug|Any CPU
		{0C108A7A-92B5-4A52-9E52-9939D576E289}.Release|Any CPU.ActiveCfg = Release|Any CPU
		{0C108A7A-92B5-4A52-9E52-9939D576E289}.Release|Any CPU.Build.0 = Release|Any CPU
	EndGlobalSection
	GlobalSection(SolutionProperties) = preSolution
		HideSolutionNode = FALSE
	EndGlobalSection
	GlobalSection(ExtensibilityGlobals) = postSolution
		SolutionGuid = {D5E14D50-4BCD-4B4D-8B77-7E0545858AE2}
	EndGlobalSection
EndGlobal
